
Microsoft Visual Studio Solution File, Format Version 12.00
Project("{FAE04EC0-301F-11D3-BF4B-00C04F79EFBC}") = "APBD05", "APBD05.csproj", "{B1AEA0CC-1C03-4F0A-9DCC-936E42BD404F}"
EndProject
Global
	GlobalSection(SolutionConfigurationPlatforms) = preSolution
		Debug|Any CPU = Debug|Any CPU
		Release|Any CPU = Release|Any CPU
	EndGlobalSection
	GlobalSection(ProjectConfigurationPlatforms) = postSolution
		{B1AEA0CC-1C03-4F0A-9DCC-936E42BD404F}.Debug|Any CPU.ActiveCfg = Debug|Any CPU
		{B1AEA0CC-1C03-4F0A-9DCC-936E42BD404F}.Debug|Any CPU.Build.0 = Debug|Any CPU
		{B1AEA0CC-1C03-4F0A-9DCC-936E42BD404F}.Release|Any CPU.ActiveCfg = Release|Any CPU
		{B1AEA0CC-1C03-4F0A-9DCC-936E42BD404F}.Release|Any CPU.Build.0 = Release|Any CPU
	EndGlobalSection
EndGlobal
